{
  "version": 4,
  "terraform_version": "1.4.5",
  "serial": 3,
  "lineage": "1f060897-8513-063f-bdfd-f497e90a26b1",
  "outputs": {},
  "resources": [
    {
      "mode": "managed",
      "type": "vercel_project",
      "name": "example",
      "provider": "provider[\"registry.terraform.io/vercel/vercel\"]",
      "instances": [
        {
          "schema_version": 0,
          "attributes": {
            "build_command": null,
            "dev_command": null,
            "environment": null,
            "framework": null,
            "git_repository": {
              "production_branch": "main",
              "repo": "diegosilva-plank/Challenge",
              "type": "github"
            },
            "id": "prj_4nxA7z2KVzT266ZmuqNsV7krD2N7",
            "ignore_command": null,
            "install_command": null,
            "name": "terraform-test-project",
            "output_directory": null,
            "public_source": null,
            "root_directory": null,
            "serverless_function_region": "iad1",
            "team_id": null
          },
          "sensitive_attributes": []
        }
      ]
    }
  ],
  "check_results": null
}
